{
  "nodes": {
    "flake-utils": {
      "locked": {
        "lastModified": 1644229661,
        "narHash": "sha256-1YdnJAsNy69bpcjuoKdOYQX0YxZBiCYZo4Twxerqv7k=",
        "owner": "numtide",
        "repo": "flake-utils",
        "rev": "3cecb5b042f7f209c56ffd8371b2711a290ec797",
        "type": "github"
      },
      "original": {
        "owner": "numtide",
        "repo": "flake-utils",
        "type": "github"
      }
    },
    "flake-utils_2": {
      "locked": {
        "lastModified": 1644229661,
        "narHash": "sha256-1YdnJAsNy69bpcjuoKdOYQX0YxZBiCYZo4Twxerqv7k=",
        "owner": "numtide",
        "repo": "flake-utils",
        "rev": "3cecb5b042f7f209c56ffd8371b2711a290ec797",
        "type": "github"
      },
      "original": {
        "owner": "numtide",
        "repo": "flake-utils",
        "type": "github"
      }
    },
    "haskell-flake-utils": {
      "inputs": {
        "flake-utils": "flake-utils"
      },
      "locked": {
        "lastModified": 1672412555,
        "narHash": "sha256-Kaa8F7nQFR3KuS6Y9WRUxeJeZlp6CCubyrRfmiEsW4k=",
        "owner": "ivanovs-4",
        "repo": "haskell-flake-utils",
        "rev": "896219e5bde6efac72198550454e9dd9b5ed9ac9",
        "type": "github"
      },
      "original": {
        "owner": "ivanovs-4",
        "repo": "haskell-flake-utils",
        "type": "github"
      }
    },
    "haskell-flake-utils_2": {
      "inputs": {
        "flake-utils": "flake-utils_2"
      },
      "locked": {
        "lastModified": 1672412555,
        "narHash": "sha256-Kaa8F7nQFR3KuS6Y9WRUxeJeZlp6CCubyrRfmiEsW4k=",
        "owner": "ivanovs-4",
        "repo": "haskell-flake-utils",
        "rev": "896219e5bde6efac72198550454e9dd9b5ed9ac9",
        "type": "github"
      },
      "original": {
        "owner": "ivanovs-4",
        "repo": "haskell-flake-utils",
        "type": "github"
      }
    },
    "nixpkgs": {
      "locked": {
        "lastModified": 1697009197,
        "narHash": "sha256-viVRhBTFT8fPJTb1N3brQIpFZnttmwo3JVKNuWRVc3s=",
        "owner": "NixOS",
        "repo": "nixpkgs",
        "rev": "01441e14af5e29c9d27ace398e6dd0b293e25a54",
        "type": "github"
      },
      "original": {
        "owner": "NixOS",
        "ref": "nixpkgs-unstable",
        "repo": "nixpkgs",
        "type": "github"
      }
    },
    "root": {
      "inputs": {
        "haskell-flake-utils": "haskell-flake-utils",
        "nixpkgs": "nixpkgs",
        "suckless-conf": "suckless-conf"
      }
    },
    "suckless-conf": {
      "inputs": {
        "haskell-flake-utils": "haskell-flake-utils_2",
        "nixpkgs": [
          "nixpkgs"
        ]
      },
      "locked": {
        "lastModified": 1697354514,
        "narHash": "sha256-5doedGj2QU4vPuw1VZor1GGEJTxu0zFeO/PsybFIcn8=",
        "owner": "voidlizard",
        "repo": "suckless-conf",
        "rev": "3f87278bc10ac4f14a6d9d2c75cbbed228509129",
        "type": "github"
      },
      "original": {
        "owner": "voidlizard",
        "repo": "suckless-conf",
        "type": "github"
      }
    }
  },
  "root": "root",
  "version": 7
}
